ansible
aws-google-auth
aws-iam-authenticator
awscli
base64
bazaar
brew-pip
circleci
curl
curl-openssl
docker-cloud
git-crypt
git-secrets
gnupg
go
goreleaser
graphviz
h3
helmfile
hopenpgp-tools
hub
jq
kubernetes-cli
maven
nmap
node
parallel
parquet-tools
pinentry-mac
pkg-config
postgresql
sipcalc
terraform
terraform-docs
tmux
tree
ykman
yq
