augeas
aws-iam-authenticator
awscli
awslogs
base64
bash
bash-completion
bazaar
binutils
brew-pip
circleci
cmake
cocoapods
coreutils
csvq
ctags
curl
dialog
diction
diffutils
docker-credential-helper
docker-credential-helper-ecr
ed
fastlane
ffuf
findutils
gawk
gcc
generate-json-schema
geoip
gh
ghi
gibo
gist
git
git-crypt
git-secrets
git-sizer
git-standup
github-markdown-toc
github-release
gnu-indent
gnu-sed
gnu-tar
gnu-which
go
golangci/tap/golangci-lint
goreleaser
gotags
gpatch
gpgme
graphviz
grep
gx
gx-go
gzip
h3
heroku/brew/heroku-node
hopenpgp-tools
iam-policy-json-to-terraform
jansson
john
jq
kubernetes-cli
launchctl-completion
less
libheif
libidn
liblqr
libmagic
libomp
libssh
libstfl
lsof
lzip
m4
make
mysql-client
nano
ncrack
nektos/tap/act
netcat
nmap
no-more-secrets
oauth2l
openexr
openjdk
openjpeg
openssh
parallel
pinentry-mac
pip-completion
postgresql
protobuf
python@2
rclone
reattach-to-user-namespace
rem
rename
rsync
screen
sha2
shfmt
sipcalc
ssdeep
sslscan
stubby
tcpdump
terraform
terraform-docs
terraform@0.12
tflint
the_silver_searcher
theharvester
tmux
tokyo-cabinet
tree
unzip
vim
watch
wdiff
wget
whois
wxmac
yarn
ykman
youtube-dl
yq
