acmetool
aircrack-ng
amazon-ecs-cli
asciinema
awscli
awslogs
base64
bash
cmake
coreutils
cowsay
dep
diffutils
docker
docker-credential-helper-ecr
docker-machine
ed
fetchmail
file-formula
findutils
fzf
gawk
gcc
geoipupdate
git
git-crypt
git-lfs
git-secrets
gnu-indent
gnu-sed
gnu-tar
gnu-which
go-jira
gpatch
graphviz
grep
gzip
hashcat
hub
hydra
imagemagick
iperf3
ipfs
john
jq
kryptco/tap/kr
less
libssh
lsof
lzip
m4
make
md5sha1sum
mitmproxy
monkeysphere
mutt
mysql
nano
ncrack
netcat
nghttp2
nginx
no-more-secrets
node@8
offlineimap
onepass
openssh
openssl@1.1
parallel
pass
pinentry-mac
pip-completion
pkg-config
procmail
pwntools
reattach-to-user-namespace
rem
rsync
screen
shfmt
sipcalc
spdylay
speedtest-cli
sphinx-doc
stubby
tcpdump
the_silver_searcher
tmux
unzip
vault
vim
watch
wdiff
wget
whois
xcodegen
yarn
yq
